// !$*UTF8*$!
{
	archiveVersion = 1;
	classes = {
	};
	objectVersion = 55;
	objects = {

/* Begin PBXBuildFile section */
		0441BB8E2817127C005849AB /* PokeDexApp.swift in Sources */ = {isa = PBXBuildFile; fileRef = 0441BB8D2817127C005849AB /* PokeDexApp.swift */; };
		0441BB902817127C005849AB /* ContentView.swift in Sources */ = {isa = PBXBuildFile; fileRef = 0441BB8F2817127C005849AB /* ContentView.swift */; };
		0441BB922817127F005849AB /* Assets.xcassets in Resources */ = {isa = PBXBuildFile; fileRef = 0441BB912817127F005849AB /* Assets.xcassets */; };
		0441BB952817127F005849AB /* Preview Assets.xcassets in Resources */ = {isa = PBXBuildFile; fileRef = 0441BB942817127F005849AB /* Preview Assets.xcassets */; };
		0441BB9F2817127F005849AB /* PokeDexTests.swift in Sources */ = {isa = PBXBuildFile; fileRef = 0441BB9E2817127F005849AB /* PokeDexTests.swift */; };
		0441BBA92817127F005849AB /* PokeDexUITests.swift in Sources */ = {isa = PBXBuildFile; fileRef = 0441BBA82817127F005849AB /* PokeDexUITests.swift */; };
		0441BBAB2817127F005849AB /* PokeDexUITestsLaunchTests.swift in Sources */ = {isa = PBXBuildFile; fileRef = 0441BBAA2817127F005849AB /* PokeDexUITestsLaunchTests.swift */; };
		0441BBC02817136E005849AB /* PokemonList.swift in Sources */ = {isa = PBXBuildFile; fileRef = 0441BBBF2817136E005849AB /* PokemonList.swift */; };
		0441BBC228171380005849AB /* Pokemon.swift in Sources */ = {isa = PBXBuildFile; fileRef = 0441BBC128171380005849AB /* Pokemon.swift */; };
		0441BBCD281714CF005849AB /* View+AttributeStyle.swift in Sources */ = {isa = PBXBuildFile; fileRef = 0441BBCC281714CF005849AB /* View+AttributeStyle.swift */; };
		0441BBCF2817151A005849AB /* ImageLoader.swift in Sources */ = {isa = PBXBuildFile; fileRef = 0441BBCE2817151A005849AB /* ImageLoader.swift */; };
		0441BBD128171570005849AB /* PokemonViewModel.swift in Sources */ = {isa = PBXBuildFile; fileRef = 0441BBD028171570005849AB /* PokemonViewModel.swift */; };
		0441BBD328171585005849AB /* PokemonDetailViewModel.swift in Sources */ = {isa = PBXBuildFile; fileRef = 0441BBD228171585005849AB /* PokemonDetailViewModel.swift */; };
		0441BBD5281715C3005849AB /* MainView.swift in Sources */ = {isa = PBXBuildFile; fileRef = 0441BBD4281715C3005849AB /* MainView.swift */; };
		0441BBD7281715E6005849AB /* ImageView.swift in Sources */ = {isa = PBXBuildFile; fileRef = 0441BBD6281715E6005849AB /* ImageView.swift */; };
		0441BBD928171607005849AB /* PokemonDetailView.swift in Sources */ = {isa = PBXBuildFile; fileRef = 0441BBD828171607005849AB /* PokemonDetailView.swift */; };
		0441BBDB28171642005849AB /* ProgressBar.swift in Sources */ = {isa = PBXBuildFile; fileRef = 0441BBDA28171642005849AB /* ProgressBar.swift */; };
		0441BBDD2817167A005849AB /* AttributeModifier.swift in Sources */ = {isa = PBXBuildFile; fileRef = 0441BBDC2817167A005849AB /* AttributeModifier.swift */; };
		0441BBDF28171709005849AB /* AppDelegate.swift in Sources */ = {isa = PBXBuildFile; fileRef = 0441BBDE28171709005849AB /* AppDelegate.swift */; };
		0441BBE128171729005849AB /* SceneDelegate.swift in Sources */ = {isa = PBXBuildFile; fileRef = 0441BBE028171729005849AB /* SceneDelegate.swift */; };
/* End PBXBuildFile section */

/* Begin PBXContainerItemProxy section */
		0441BB9B2817127F005849AB /* PBXContainerItemProxy */ = {
			isa = PBXContainerItemProxy;
			containerPortal = 0441BB822817127C005849AB /* Project object */;
			proxyType = 1;
			remoteGlobalIDString = 0441BB892817127C005849AB;
			remoteInfo = PokeDex;
		};
		0441BBA52817127F005849AB /* PBXContainerItemProxy */ = {
			isa = PBXContainerItemProxy;
			containerPortal = 0441BB822817127C005849AB /* Project object */;
			proxyType = 1;
			remoteGlobalIDString = 0441BB892817127C005849AB;
			remoteInfo = PokeDex;
		};
/* End PBXContainerItemProxy section */

/* Begin PBXFileReference section */
		0441BB8A2817127C005849AB /* PokeDex.app */ = {isa = PBXFileReference; explicitFileType = wrapper.application; includeInIndex = 0; path = PokeDex.app; sourceTree = BUILT_PRODUCTS_DIR; };
		0441BB8D2817127C005849AB /* PokeDexApp.swift */ = {isa = PBXFileReference; lastKnownFileType = sourcecode.swift; path = PokeDexApp.swift; sourceTree = "<group>"; };
		0441BB8F2817127C005849AB /* ContentView.swift */ = {isa = PBXFileReference; lastKnownFileType = sourcecode.swift; path = ContentView.swift; sourceTree = "<group>"; };
		0441BB912817127F005849AB /* Assets.xcassets */ = {isa = PBXFileReference; lastKnownFileType = folder.assetcatalog; path = Assets.xcassets; sourceTree = "<group>"; };
		0441BB942817127F005849AB /* Preview Assets.xcassets */ = {isa = PBXFileReference; lastKnownFileType = folder.assetcatalog; path = "Preview Assets.xcassets"; sourceTree = "<group>"; };
		0441BB9A2817127F005849AB /* PokeDexTests.xctest */ = {isa = PBXFileReference; explicitFileType = wrapper.cfbundle; includeInIndex = 0; path = PokeDexTests.xctest; sourceTree = BUILT_PRODUCTS_DIR; };
		0441BB9E2817127F005849AB /* PokeDexTests.swift */ = {isa = PBXFileReference; lastKnownFileType = sourcecode.swift; path = PokeDexTests.swift; sourceTree = "<group>"; };
		0441BBA42817127F005849AB /* PokeDexUITests.xctest */ = {isa = PBXFileReference; explicitFileType = wrapper.cfbundle; includeInIndex = 0; path = PokeDexUITests.xctest; sourceTree = BUILT_PRODUCTS_DIR; };
		0441BBA82817127F005849AB /* PokeDexUITests.swift */ = {isa = PBXFileReference; lastKnownFileType = sourcecode.swift; path = PokeDexUITests.swift; sourceTree = "<group>"; };
		0441BBAA2817127F005849AB /* PokeDexUITestsLaunchTests.swift */ = {isa = PBXFileReference; lastKnownFileType = sourcecode.swift; path = PokeDexUITestsLaunchTests.swift; sourceTree = "<group>"; };
		0441BBBF2817136E005849AB /* PokemonList.swift */ = {isa = PBXFileReference; lastKnownFileType = sourcecode.swift; path = PokemonList.swift; sourceTree = "<group>"; };
		0441BBC128171380005849AB /* Pokemon.swift */ = {isa = PBXFileReference; lastKnownFileType = sourcecode.swift; path = Pokemon.swift; sourceTree = "<group>"; };
		0441BBCC281714CF005849AB /* View+AttributeStyle.swift */ = {isa = PBXFileReference; lastKnownFileType = sourcecode.swift; path = "View+AttributeStyle.swift"; sourceTree = "<group>"; };
		0441BBCE2817151A005849AB /* ImageLoader.swift */ = {isa = PBXFileReference; lastKnownFileType = sourcecode.swift; path = ImageLoader.swift; sourceTree = "<group>"; };
		0441BBD028171570005849AB /* PokemonViewModel.swift */ = {isa = PBXFileReference; lastKnownFileType = sourcecode.swift; path = PokemonViewModel.swift; sourceTree = "<group>"; };
		0441BBD228171585005849AB /* PokemonDetailViewModel.swift */ = {isa = PBXFileReference; lastKnownFileType = sourcecode.swift; path = PokemonDetailViewModel.swift; sourceTree = "<group>"; };
		0441BBD4281715C3005849AB /* MainView.swift */ = {isa = PBXFileReference; lastKnownFileType = sourcecode.swift; path = MainView.swift; sourceTree = "<group>"; };
		0441BBD6281715E6005849AB /* ImageView.swift */ = {isa = PBXFileReference; lastKnownFileType = sourcecode.swift; path = ImageView.swift; sourceTree = "<group>"; };
		0441BBD828171607005849AB /* PokemonDetailView.swift */ = {isa = PBXFileReference; lastKnownFileType = sourcecode.swift; path = PokemonDetailView.swift; sourceTree = "<group>"; };
		0441BBDA28171642005849AB /* ProgressBar.swift */ = {isa = PBXFileReference; lastKnownFileType = sourcecode.swift; path = ProgressBar.swift; sourceTree = "<group>"; };
		0441BBDC2817167A005849AB /* AttributeModifier.swift */ = {isa = PBXFileReference; lastKnownFileType = sourcecode.swift; path = AttributeModifier.swift; sourceTree = "<group>"; };
		0441BBDE28171709005849AB /* AppDelegate.swift */ = {isa = PBXFileReference; lastKnownFileType = sourcecode.swift; path = AppDelegate.swift; sourceTree = "<group>"; };
		0441BBE028171729005849AB /* SceneDelegate.swift */ = {isa = PBXFileReference; lastKnownFileType = sourcecode.swift; path = SceneDelegate.swift; sourceTree = "<group>"; };
/* End PBXFileReference section */

/* Begin PBXFrameworksBuildPhase section */
		0441BB872817127C005849AB /* Frameworks */ = {
			isa = PBXFrameworksBuildPhase;
			buildActionMask = 2147483647;
			files = (
			);
			runOnlyForDeploymentPostprocessing = 0;
		};
		0441BB972817127F005849AB /* Frameworks */ = {
			isa = PBXFrameworksBuildPhase;
			buildActionMask = 2147483647;
			files = (
			);
			runOnlyForDeploymentPostprocessing = 0;
		};
		0441BBA12817127F005849AB /* Frameworks */ = {
			isa = PBXFrameworksBuildPhase;
			buildActionMask = 2147483647;
			files = (
			);
			runOnlyForDeploymentPostprocessing = 0;
		};
/* End PBXFrameworksBuildPhase section */

/* Begin PBXGroup section */
		0441BB812817127C005849AB = {
			isa = PBXGroup;
			children = (
				0441BB8C2817127C005849AB /* PokeDex */,
				0441BB9D2817127F005849AB /* PokeDexTests */,
				0441BBA72817127F005849AB /* PokeDexUITests */,
				0441BB8B2817127C005849AB /* Products */,
			);
			sourceTree = "<group>";
		};
		0441BB8B2817127C005849AB /* Products */ = {
			isa = PBXGroup;
			children = (
				0441BB8A2817127C005849AB /* PokeDex.app */,
				0441BB9A2817127F005849AB /* PokeDexTests.xctest */,
				0441BBA42817127F005849AB /* PokeDexUITests.xctest */,
			);
			name = Products;
			sourceTree = "<group>";
		};
		0441BB8C2817127C005849AB /* PokeDex */ = {
			isa = PBXGroup;
			children = (
				0441BBBA281712FD005849AB /* Extension */,
				0441BBBB28171310005849AB /* Helper */,
				0441BBBD2817131D005849AB /* ViewModel */,
				0441BBBC28171316005849AB /* Model */,
				0441BBBE2817132F005849AB /* View */,
				0441BBB7281712C8005849AB /* Customization */,
				0441BB8D2817127C005849AB /* PokeDexApp.swift */,
				0441BB8F2817127C005849AB /* ContentView.swift */,
				0441BB912817127F005849AB /* Assets.xcassets */,
				0441BB932817127F005849AB /* Preview Content */,
				0441BBDE28171709005849AB /* AppDelegate.swift */,
				0441BBE028171729005849AB /* SceneDelegate.swift */,
			);
			path = PokeDex;
			sourceTree = "<group>";
		};
		0441BB932817127F005849AB /* Preview Content */ = {
			isa = PBXGroup;
			children = (
				0441BB942817127F005849AB /* Preview Assets.xcassets */,
			);
			path = "Preview Content";
			sourceTree = "<group>";
		};
		0441BB9D2817127F005849AB /* PokeDexTests */ = {
			isa = PBXGroup;
			children = (
				0441BB9E2817127F005849AB /* PokeDexTests.swift */,
			);
			path = PokeDexTests;
			sourceTree = "<group>";
		};
		0441BBA72817127F005849AB /* PokeDexUITests */ = {
			isa = PBXGroup;
			children = (
				0441BBA82817127F005849AB /* PokeDexUITests.swift */,
				0441BBAA2817127F005849AB /* PokeDexUITestsLaunchTests.swift */,
			);
			path = PokeDexUITests;
			sourceTree = "<group>";
		};
		0441BBB7281712C8005849AB /* Customization */ = {
			isa = PBXGroup;
			children = (
				0441BBC928171476005849AB /* View */,
				0441BBB9281712EB005849AB /* Modifier */,
			);
			path = Customization;
			sourceTree = "<group>";
		};
		0441BBB9281712EB005849AB /* Modifier */ = {
			isa = PBXGroup;
			children = (
				0441BBDC2817167A005849AB /* AttributeModifier.swift */,
			);
			path = Modifier;
			sourceTree = "<group>";
		};
		0441BBBA281712FD005849AB /* Extension */ = {
			isa = PBXGroup;
			children = (
				0441BBCC281714CF005849AB /* View+AttributeStyle.swift */,
			);
			path = Extension;
			sourceTree = "<group>";
		};
		0441BBBB28171310005849AB /* Helper */ = {
			isa = PBXGroup;
			children = (
				0441BBCE2817151A005849AB /* ImageLoader.swift */,
			);
			path = Helper;
			sourceTree = "<group>";
		};
		0441BBBC28171316005849AB /* Model */ = {
			isa = PBXGroup;
			children = (
				0441BBBF2817136E005849AB /* PokemonList.swift */,
				0441BBC128171380005849AB /* Pokemon.swift */,
			);
			path = Model;
			sourceTree = "<group>";
		};
		0441BBBD2817131D005849AB /* ViewModel */ = {
			isa = PBXGroup;
			children = (
				0441BBD028171570005849AB /* PokemonViewModel.swift */,
				0441BBD228171585005849AB /* PokemonDetailViewModel.swift */,
			);
			path = ViewModel;
			sourceTree = "<group>";
		};
		0441BBBE2817132F005849AB /* View */ = {
			isa = PBXGroup;
			children = (
				0441BBD4281715C3005849AB /* MainView.swift */,
				0441BBD6281715E6005849AB /* ImageView.swift */,
				0441BBD828171607005849AB /* PokemonDetailView.swift */,
			);
			path = View;
			sourceTree = "<group>";
		};
		0441BBC928171476005849AB /* View */ = {
			isa = PBXGroup;
			children = (
				0441BBDA28171642005849AB /* ProgressBar.swift */,
			);
			path = View;
			sourceTree = "<group>";
		};
/* End PBXGroup section */

/* Begin PBXNativeTarget section */
		0441BB892817127C005849AB /* PokeDex */ = {
			isa = PBXNativeTarget;
			buildConfigurationList = 0441BBAE2817127F005849AB /* Build configuration list for PBXNativeTarget "PokeDex" */;
			buildPhases = (
				0441BB862817127C005849AB /* Sources */,
				0441BB872817127C005849AB /* Frameworks */,
				0441BB882817127C005849AB /* Resources */,
			);
			buildRules = (
			);
			dependencies = (
			);
			name = PokeDex;
			productName = PokeDex;
			productReference = 0441BB8A2817127C005849AB /* PokeDex.app */;
			productType = "com.apple.product-type.application";
		};
		0441BB992817127F005849AB /* PokeDexTests */ = {
			isa = PBXNativeTarget;
			buildConfigurationList = 0441BBB12817127F005849AB /* Build configuration list for PBXNativeTarget "PokeDexTests" */;
			buildPhases = (
				0441BB962817127F005849AB /* Sources */,
				0441BB972817127F005849AB /* Frameworks */,
				0441BB982817127F005849AB /* Resources */,
			);
			buildRules = (
			);
			dependencies = (
				0441BB9C2817127F005849AB /* PBXTargetDependency */,
			);
			name = PokeDexTests;
			productName = PokeDexTests;
			productReference = 0441BB9A2817127F005849AB /* PokeDexTests.xctest */;
			productType = "com.apple.product-type.bundle.unit-test";
		};
		0441BBA32817127F005849AB /* PokeDexUITests */ = {
			isa = PBXNativeTarget;
			buildConfigurationList = 0441BBB42817127F005849AB /* Build configuration list for PBXNativeTarget "PokeDexUITests" */;
			buildPhases = (
				0441BBA02817127F005849AB /* Sources */,
				0441BBA12817127F005849AB /* Frameworks */,
				0441BBA22817127F005849AB /* Resources */,
			);
			buildRules = (
			);
			dependencies = (
				0441BBA62817127F005849AB /* PBXTargetDependency */,
			);
			name = PokeDexUITests;
			productName = PokeDexUITests;
			productReference = 0441BBA42817127F005849AB /* PokeDexUITests.xctest */;
			productType = "com.apple.product-type.bundle.ui-testing";
		};
/* End PBXNativeTarget section */

/* Begin PBXProject section */
		0441BB822817127C005849AB /* Project object */ = {
			isa = PBXProject;
			attributes = {
				BuildIndependentTargetsInParallel = 1;
				LastSwiftUpdateCheck = 1330;
				LastUpgradeCheck = 1330;
				TargetAttributes = {
					0441BB892817127C005849AB = {
						CreatedOnToolsVersion = 13.3.1;
					};
					0441BB992817127F005849AB = {
						CreatedOnToolsVersion = 13.3.1;
						TestTargetID = 0441BB892817127C005849AB;
					};
					0441BBA32817127F005849AB = {
						CreatedOnToolsVersion = 13.3.1;
						TestTargetID = 0441BB892817127C005849AB;
					};
				};
			};
			buildConfigurationList = 0441BB852817127C005849AB /* Build configuration list for PBXProject "PokeDex" */;
			compatibilityVersion = "Xcode 13.0";
			developmentRegion = en;
			hasScannedForEncodings = 0;
			knownRegions = (
				en,
				Base,
			);
			mainGroup = 0441BB812817127C005849AB;
			productRefGroup = 0441BB8B2817127C005849AB /* Products */;
			projectDirPath = "";
			projectRoot = "";
			targets = (
				0441BB892817127C005849AB /* PokeDex */,
				0441BB992817127F005849AB /* PokeDexTests */,
				0441BBA32817127F005849AB /* PokeDexUITests */,
			);
		};
/* End PBXProject section */

/* Begin PBXResourcesBuildPhase section */
		0441BB882817127C005849AB /* Resources */ = {
			isa = PBXResourcesBuildPhase;
			buildActionMask = 2147483647;
			files = (
				0441BB952817127F005849AB /* Preview Assets.xcassets in Resources */,
				0441BB922817127F005849AB /* Assets.xcassets in Resources */,
			);
			runOnlyForDeploymentPostprocessing = 0;
		};
		0441BB982817127F005849AB /* Resources */ = {
			isa = PBXResourcesBuildPhase;
			buildActionMask = 2147483647;
			files = (
			);
			runOnlyForDeploymentPostprocessing = 0;
		};
		0441BBA22817127F005849AB /* Resources */ = {
			isa = PBXResourcesBuildPhase;
			buildActionMask = 2147483647;
			files = (
			);
			runOnlyForDeploymentPostprocessing = 0;
		};
/* End PBXResourcesBuildPhase section */

/* Begin PBXSourcesBuildPhase section */
		0441BB862817127C005849AB /* Sources */ = {
			isa = PBXSourcesBuildPhase;
			buildActionMask = 2147483647;
			files = (
				0441BBD5281715C3005849AB /* MainView.swift in Sources */,
				0441BB902817127C005849AB /* ContentView.swift in Sources */,
				0441BBC228171380005849AB /* Pokemon.swift in Sources */,
				0441BBD7281715E6005849AB /* ImageView.swift in Sources */,
				0441BBDD2817167A005849AB /* AttributeModifier.swift in Sources */,
				0441BBD928171607005849AB /* PokemonDetailView.swift in Sources */,
				0441BB8E2817127C005849AB /* PokeDexApp.swift in Sources */,
				0441BBCF2817151A005849AB /* ImageLoader.swift in Sources */,
				0441BBD128171570005849AB /* PokemonViewModel.swift in Sources */,
				0441BBE128171729005849AB /* SceneDelegate.swift in Sources */,
				0441BBD328171585005849AB /* PokemonDetailViewModel.swift in Sources */,
				0441BBC02817136E005849AB /* PokemonList.swift in Sources */,
				0441BBDB28171642005849AB /* ProgressBar.swift in Sources */,
				0441BBDF28171709005849AB /* AppDelegate.swift in Sources */,
				0441BBCD281714CF005849AB /* View+AttributeStyle.swift in Sources */,
			);
			runOnlyForDeploymentPostprocessing = 0;
		};
		0441BB962817127F005849AB /* Sources */ = {
			isa = PBXSourcesBuildPhase;
			buildActionMask = 2147483647;
			files = (
				0441BB9F2817127F005849AB /* PokeDexTests.swift in Sources */,
			);
			runOnlyForDeploymentPostprocessing = 0;
		};
		0441BBA02817127F005849AB /* Sources */ = {
			isa = PBXSourcesBuildPhase;
			buildActionMask = 2147483647;
			files = (
				0441BBA92817127F005849AB /* PokeDexUITests.swift in Sources */,
				0441BBAB2817127F005849AB /* PokeDexUITestsLaunchTests.swift in Sources */,
			);
			runOnlyForDeploymentPostprocessing = 0;
		};
/* End PBXSourcesBuildPhase section */

/* Begin PBXTargetDependency section */
		0441BB9C2817127F005849AB /* PBXTargetDependency */ = {
			isa = PBXTargetDependency;
			target = 0441BB892817127C005849AB /* PokeDex */;
			targetProxy = 0441BB9B2817127F005849AB /* PBXContainerItemProxy */;
		};
		0441BBA62817127F005849AB /* PBXTargetDependency */ = {
			isa = PBXTargetDependency;
			target = 0441BB892817127C005849AB /* PokeDex */;
			targetProxy = 0441BBA52817127F005849AB /* PBXContainerItemProxy */;
		};
/* End PBXTargetDependency section */

/* Begin XCBuildConfiguration section */
		0441BBAC2817127F005849AB /* Debug */ = {
			isa = XCBuildConfiguration;
			buildSettings = {
				ALWAYS_SEARCH_USER_PATHS = NO;
				CLANG_ANALYZER_NONNULL = YES;
				CLANG_ANALYZER_NUMBER_OBJECT_CONVERSION = YES_AGGRESSIVE;
				CLANG_CXX_LANGUAGE_STANDARD = "gnu++17";
				CLANG_ENABLE_MODULES = YES;
				CLANG_ENABLE_OBJC_ARC = YES;
				CLANG_ENABLE_OBJC_WEAK = YES;
				CLANG_WARN_BLOCK_CAPTURE_AUTORELEASING = YES;
				CLANG_WARN_BOOL_CONVERSION = YES;
				CLANG_WARN_COMMA = YES;
				CLANG_WARN_CONSTANT_CONVERSION = YES;
				CLANG_WARN_DEPRECATED_OBJC_IMPLEMENTATIONS = YES;
				CLANG_WARN_DIRECT_OBJC_ISA_USAGE = YES_ERROR;
				CLANG_WARN_DOCUMENTATION_COMMENTS = YES;
				CLANG_WARN_EMPTY_BODY = YES;
				CLANG_WARN_ENUM_CONVERSION = YES;
				CLANG_WARN_INFINITE_RECURSION = YES;
				CLANG_WARN_INT_CONVERSION = YES;
				CLANG_WARN_NON_LITERAL_NULL_CONVERSION = YES;
				CLANG_WARN_OBJC_IMPLICIT_RETAIN_SELF = YES;
				CLANG_WARN_OBJC_LITERAL_CONVERSION = YES;
				CLANG_WARN_OBJC_ROOT_CLASS = YES_ERROR;
				CLANG_WARN_QUOTED_INCLUDE_IN_FRAMEWORK_HEADER = YES;
				CLANG_WARN_RANGE_LOOP_ANALYSIS = YES;
				CLANG_WARN_STRICT_PROTOTYPES = YES;
				CLANG_WARN_SUSPICIOUS_MOVE = YES;
				CLANG_WARN_UNGUARDED_AVAILABILITY = YES_AGGRESSIVE;
				CLANG_WARN_UNREACHABLE_CODE = YES;
				CLANG_WARN__DUPLICATE_METHOD_MATCH = YES;
				COPY_PHASE_STRIP = NO;
				DEBUG_INFORMATION_FORMAT = dwarf;
				ENABLE_STRICT_OBJC_MSGSEND = YES;
				ENABLE_TESTABILITY = YES;
				GCC_C_LANGUAGE_STANDARD = gnu11;
				GCC_DYNAMIC_NO_PIC = NO;
				GCC_NO_COMMON_BLOCKS = YES;
				GCC_OPTIMIZATION_LEVEL = 0;
				GCC_PREPROCESSOR_DEFINITIONS = (
					"DEBUG=1",
					"$(inherited)",
				);
				GCC_WARN_64_TO_32_BIT_CONVERSION = YES;
				GCC_WARN_ABOUT_RETURN_TYPE = YES_ERROR;
				GCC_WARN_UNDECLARED_SELECTOR = YES;
				GCC_WARN_UNINITIALIZED_AUTOS = YES_AGGRESSIVE;
				GCC_WARN_UNUSED_FUNCTION = YES;
				GCC_WARN_UNUSED_VARIABLE = YES;
				IPHONEOS_DEPLOYMENT_TARGET = 15.4;
				MTL_ENABLE_DEBUG_INFO = INCLUDE_SOURCE;
				MTL_FAST_MATH = YES;
				ONLY_ACTIVE_ARCH = YES;
				SDKROOT = iphoneos;
				SWIFT_ACTIVE_COMPILATION_CONDITIONS = DEBUG;
				SWIFT_OPTIMIZATION_LEVEL = "-Onone";
			};
			name = Debug;
		};
		0441BBAD2817127F005849AB /* Release */ = {
			isa = XCBuildConfiguration;
			buildSettings = {
				ALWAYS_SEARCH_USER_PATHS = NO;
				CLANG_ANALYZER_NONNULL = YES;
				CLANG_ANALYZER_NUMBER_OBJECT_CONVERSION = YES_AGGRESSIVE;
				CLANG_CXX_LANGUAGE_STANDARD = "gnu++17";
				CLANG_ENABLE_MODULES = YES;
				CLANG_ENABLE_OBJC_ARC = YES;
				CLANG_ENABLE_OBJC_WEAK = YES;
				CLANG_WARN_BLOCK_CAPTURE_AUTORELEASING = YES;
				CLANG_WARN_BOOL_CONVERSION = YES;
				CLANG_WARN_COMMA = YES;
				CLANG_WARN_CONSTANT_CONVERSION = YES;
				CLANG_WARN_DEPRECATED_OBJC_IMPLEMENTATIONS = YES;
				CLANG_WARN_DIRECT_OBJC_ISA_USAGE = YES_ERROR;
				CLANG_WARN_DOCUMENTATION_COMMENTS = YES;
				CLANG_WARN_EMPTY_BODY = YES;
				CLANG_WARN_ENUM_CONVERSION = YES;
				CLANG_WARN_INFINITE_RECURSION = YES;
				CLANG_WARN_INT_CONVERSION = YES;
				CLANG_WARN_NON_LITERAL_NULL_CONVERSION = YES;
				CLANG_WARN_OBJC_IMPLICIT_RETAIN_SELF = YES;
				CLANG_WARN_OBJC_LITERAL_CONVERSION = YES;
				CLANG_WARN_OBJC_ROOT_CLASS = YES_ERROR;
				CLANG_WARN_QUOTED_INCLUDE_IN_FRAMEWORK_HEADER = YES;
				CLANG_WARN_RANGE_LOOP_ANALYSIS = YES;
				CLANG_WARN_STRICT_PROTOTYPES = YES;
				CLANG_WARN_SUSPICIOUS_MOVE = YES;
				CLANG_WARN_UNGUARDED_AVAILABILITY = YES_AGGRESSIVE;
				CLANG_WARN_UNREACHABLE_CODE = YES;
				CLANG_WARN__DUPLICATE_METHOD_MATCH = YES;
				COPY_PHASE_STRIP = NO;
				DEBUG_INFORMATION_FORMAT = "dwarf-with-dsym";
				ENABLE_NS_ASSERTIONS = NO;
				ENABLE_STRICT_OBJC_MSGSEND = YES;
				GCC_C_LANGUAGE_STANDARD = gnu11;
				GCC_NO_COMMON_BLOCKS = YES;
				GCC_WARN_64_TO_32_BIT_CONVERSION = YES;
				GCC_WARN_ABOUT_RETURN_TYPE = YES_ERROR;
				GCC_WARN_UNDECLARED_SELECTOR = YES;
				GCC_WARN_UNINITIALIZED_AUTOS = YES_AGGRESSIVE;
				GCC_WARN_UNUSED_FUNCTION = YES;
				GCC_WARN_UNUSED_VARIABLE = YES;
				IPHONEOS_DEPLOYMENT_TARGET = 15.4;
				MTL_ENABLE_DEBUG_INFO = NO;
				MTL_FAST_MATH = YES;
				SDKROOT = iphoneos;
				SWIFT_COMPILATION_MODE = wholemodule;
				SWIFT_OPTIMIZATION_LEVEL = "-O";
				VALIDATE_PRODUCT = YES;
			};
			name = Release;
		};
		0441BBAF2817127F005849AB /* Debug */ = {
			isa = XCBuildConfiguration;
			buildSettings = {
				ASSETCATALOG_COMPILER_APPICON_NAME = AppIcon;
				ASSETCATALOG_COMPILER_GLOBAL_ACCENT_COLOR_NAME = AccentColor;
				CODE_SIGN_STYLE = Automatic;
				CURRENT_PROJECT_VERSION = 1;
				DEVELOPMENT_ASSET_PATHS = "\"PokeDex/Preview Content\"";
				DEVELOPMENT_TEAM = 424YN83A3C;
				ENABLE_PREVIEWS = YES;
				GENERATE_INFOPLIST_FILE = YES;
				INFOPLIST_KEY_UIApplicationSceneManifest_Generation = YES;
				INFOPLIST_KEY_UIApplicationSupportsIndirectInputEvents = YES;
				INFOPLIST_KEY_UILaunchScreen_Generation = YES;
				INFOPLIST_KEY_UISupportedInterfaceOrientations_iPad = "UIInterfaceOrientationPortrait UIInterfaceOrientationPortraitUpsideDown UIInterfaceOrientationLandscapeLeft UIInterfaceOrientationLandscapeRight";
				INFOPLIST_KEY_UISupportedInterfaceOrientations_iPhone = "UIInterfaceOrientationPortrait UIInterfaceOrientationLandscapeLeft UIInterfaceOrientationLandscapeRight";
				LD_RUNPATH_SEARCH_PATHS = (
					"$(inherited)",
					"@executable_path/Frameworks",
				);
				MARKETING_VERSION = 1.0;
				PRODUCT_BUNDLE_IDENTIFIER = com.berkangezgin.PokeDex;
				PRODUCT_NAME = "$(TARGET_NAME)";
				SWIFT_EMIT_LOC_STRINGS = YES;
				SWIFT_VERSION = 5.0;
				TARGETED_DEVICE_FAMILY = "1,2";
			};
			name = Debug;
		};
		0441BBB02817127F005849AB /* Release */ = {
			isa = XCBuildConfiguration;
			buildSettings = {
				ASSETCATALOG_COMPILER_APPICON_NAME = AppIcon;
				ASSETCATALOG_COMPILER_GLOBAL_ACCENT_COLOR_NAME = AccentColor;
				CODE_SIGN_STYLE = Automatic;
				CURRENT_PROJECT_VERSION = 1;
				DEVELOPMENT_ASSET_PATHS = "\"PokeDex/Preview Content\"";
				DEVELOPMENT_TEAM = 424YN83A3C;
				ENABLE_PREVIEWS = YES;
				GENERATE_INFOPLIST_FILE = YES;
				INFOPLIST_KEY_UIApplicationSceneManifest_Generation = YES;
				INFOPLIST_KEY_UIApplicationSupportsIndirectInputEvents = YES;
				INFOPLIST_KEY_UILaunchScreen_Generation = YES;
				INFOPLIST_KEY_UISupportedInterfaceOrientations_iPad = "UIInterfaceOrientationPortrait UIInterfaceOrientationPortraitUpsideDown UIInterfaceOrientationLandscapeLeft UIInterfaceOrientationLandscapeRight";
				INFOPLIST_KEY_UISupportedInterfaceOrientations_iPhone = "UIInterfaceOrientationPortrait UIInterfaceOrientationLandscapeLeft UIInterfaceOrientationLandscapeRight";
				LD_RUNPATH_SEARCH_PATHS = (
					"$(inherited)",
					"@executable_path/Frameworks",
				);
				MARKETING_VERSION = 1.0;
				PRODUCT_BUNDLE_IDENTIFIER = com.berkangezgin.PokeDex;
				PRODUCT_NAME = "$(TARGET_NAME)";
				SWIFT_EMIT_LOC_STRINGS = YES;
				SWIFT_VERSION = 5.0;
				TARGETED_DEVICE_FAMILY = "1,2";
			};
			name = Release;
		};
		0441BBB22817127F005849AB /* Debug */ = {
			isa = XCBuildConfiguration;
			buildSettings = {
				ALWAYS_EMBED_SWIFT_STANDARD_LIBRARIES = YES;
				BUNDLE_LOADER = "$(TEST_HOST)";
				CODE_SIGN_STYLE = Automatic;
				CURRENT_PROJECT_VERSION = 1;
				DEVELOPMENT_TEAM = 424YN83A3C;
				GENERATE_INFOPLIST_FILE = YES;
				IPHONEOS_DEPLOYMENT_TARGET = 15.4;
				MARKETING_VERSION = 1.0;
				PRODUCT_BUNDLE_IDENTIFIER = com.berkangezgin.PokeDexTests;
				PRODUCT_NAME = "$(TARGET_NAME)";
				SWIFT_EMIT_LOC_STRINGS = NO;
				SWIFT_VERSION = 5.0;
				TARGETED_DEVICE_FAMILY = "1,2";
				TEST_HOST = "$(BUILT_PRODUCTS_DIR)/PokeDex.app/PokeDex";
			};
			name = Debug;
		};
		0441BBB32817127F005849AB /* Release */ = {
			isa = XCBuildConfiguration;
			buildSettings = {
				ALWAYS_EMBED_SWIFT_STANDARD_LIBRARIES = YES;
				BUNDLE_LOADER = "$(TEST_HOST)";
				CODE_SIGN_STYLE = Automatic;
				CURRENT_PROJECT_VERSION = 1;
				DEVELOPMENT_TEAM = 424YN83A3C;
				GENERATE_INFOPLIST_FILE = YES;
				IPHONEOS_DEPLOYMENT_TARGET = 15.4;
				MARKETING_VERSION = 1.0;
				PRODUCT_BUNDLE_IDENTIFIER = com.berkangezgin.PokeDexTests;
				PRODUCT_NAME = "$(TARGET_NAME)";
				SWIFT_EMIT_LOC_STRINGS = NO;
				SWIFT_VERSION = 5.0;
				TARGETED_DEVICE_FAMILY = "1,2";
				TEST_HOST = "$(BUILT_PRODUCTS_DIR)/PokeDex.app/PokeDex";
			};
			name = Release;
		};
		0441BBB52817127F005849AB /* Debug */ = {
			isa = XCBuildConfiguration;
			buildSettings = {
				ALWAYS_EMBED_SWIFT_STANDARD_LIBRARIES = YES;
				CODE_SIGN_STYLE = Automatic;
				CURRENT_PROJECT_VERSION = 1;
				DEVELOPMENT_TEAM = 424YN83A3C;
				GENERATE_INFOPLIST_FILE = YES;
				MARKETING_VERSION = 1.0;
				PRODUCT_BUNDLE_IDENTIFIER = com.berkangezgin.PokeDexUITests;
				PRODUCT_NAME = "$(TARGET_NAME)";
				SWIFT_EMIT_LOC_STRINGS = NO;
				SWIFT_VERSION = 5.0;
				TARGETED_DEVICE_FAMILY = "1,2";
				TEST_TARGET_NAME = PokeDex;
			};
			name = Debug;
		};
		0441BBB62817127F005849AB /* Release */ = {
			isa = XCBuildConfiguration;
			buildSettings = {
				ALWAYS_EMBED_SWIFT_STANDARD_LIBRARIES = YES;
				CODE_SIGN_STYLE = Automatic;
				CURRENT_PROJECT_VERSION = 1;
				DEVELOPMENT_TEAM = 424YN83A3C;
				GENERATE_INFOPLIST_FILE = YES;
				MARKETING_VERSION = 1.0;
				PRODUCT_BUNDLE_IDENTIFIER = com.berkangezgin.PokeDexUITests;
				PRODUCT_NAME = "$(TARGET_NAME)";
				SWIFT_EMIT_LOC_STRINGS = NO;
				SWIFT_VERSION = 5.0;
				TARGETED_DEVICE_FAMILY = "1,2";
				TEST_TARGET_NAME = PokeDex;
			};
			name = Release;
		};
/* End XCBuildConfiguration section */

/* Begin XCConfigurationList section */
		0441BB852817127C005849AB /* Build configuration list for PBXProject "PokeDex" */ = {
			isa = XCConfigurationList;
			buildConfigurations = (
				0441BBAC2817127F005849AB /* Debug */,
				0441BBAD2817127F005849AB /* Release */,
			);
			defaultConfigurationIsVisible = 0;
			defaultConfigurationName = Release;
		};
		0441BBAE2817127F005849AB /* Build configuration list for PBXNativeTarget "PokeDex" */ = {
			isa = XCConfigurationList;
			buildConfigurations = (
				0441BBAF2817127F005849AB /* Debug */,
				0441BBB02817127F005849AB /* Release */,
			);
			defaultConfigurationIsVisible = 0;
			defaultConfigurationName = Release;
		};
		0441BBB12817127F005849AB /* Build configuration list for PBXNativeTarget "PokeDexTests" */ = {
			isa = XCConfigurationList;
			buildConfigurations = (
				0441BBB22817127F005849AB /* Debug */,
				0441BBB32817127F005849AB /* Release */,
			);
			defaultConfigurationIsVisible = 0;
			defaultConfigurationName = Release;
		};
		0441BBB42817127F005849AB /* Build configuration list for PBXNativeTarget "PokeDexUITests" */ = {
			isa = XCConfigurationList;
			buildConfigurations = (
				0441BBB52817127F005849AB /* Debug */,
				0441BBB62817127F005849AB /* Release */,
			);
			defaultConfigurationIsVisible = 0;
			defaultConfigurationName = Release;
		};
/* End XCConfigurationList section */
	};
	rootObject = 0441BB822817127C005849AB /* Project object */;
}
